{
  "name": "lan-bomber",
  "version": "0.1.0",
  "lockfileVersion": 3,
  "requires": true,
  "packages": {
    "": {
      "name": "lan-bomber",
      "version": "0.1.0",
      "workspaces": [
        "client"
      ]
    },
    "client": {
      "name": "@lan-bomber/client",
      "version": "0.1.0",
      "license": "MIT",
      "devDependencies": {}
    },
    "node_modules/@lan-bomber/client": {
      "resolved": "client",
      "link": true
    }
  }
}
